// !$*UTF8*$!
{
	archiveVersion = 1;
	classes = {
	};
	objectVersion = 77;
	objects = {

/* Begin PBXBuildFile section */
		0203DE94FA0F7F9780450E6A /* Pods_CompoApp_CompoAppUITests.framework in Frameworks */ = {isa = PBXBuildFile; fileRef = 97314B6554E52541EB84EE53 /* Pods_CompoApp_CompoAppUITests.framework */; };
		AF076F069DEC319469769714 /* Pods_CompoAppTests.framework in Frameworks */ = {isa = PBXBuildFile; fileRef = 30780D27F8EDDCAB914CFD77 /* Pods_CompoAppTests.framework */; };
		BA37514C99C52C846A88289E /* Pods_CompoApp.framework in Frameworks */ = {isa = PBXBuildFile; fileRef = 69D9AB6EFD5F43D4E22BC1DA /* Pods_CompoApp.framework */; };
		BE8B94272F6847B900D8BFA5 /* AdapterSwift in Frameworks */ = {isa = PBXBuildFile; productRef = BE8B94262F6847B900D8BFA5 /* AdapterSwift */; };
		BEA398832F68CFF00069B1C8 /* DouyinSans.ttf in Resources */ = {isa = PBXBuildFile; fileRef = BEA398822F68CD990069B1C8 /* DouyinSans.ttf */; };
		BED3F95F2F66525D0001DFD9 /* AppRouter in Frameworks */ = {isa = PBXBuildFile; productRef = BED3F95E2F66525D0001DFD9 /* AppRouter */; };
/* End PBXBuildFile section */

/* Begin PBXContainerItemProxy section */
		BE8A5F6E2F6651DD002FB3EE /* PBXContainerItemProxy */ = {
			isa = PBXContainerItemProxy;
			containerPortal = BE8A5F582F6651DC002FB3EE /* Project object */;
			proxyType = 1;
			remoteGlobalIDString = BE8A5F5F2F6651DC002FB3EE;
			remoteInfo = CompoApp;
		};
		BE8A5F782F6651DD002FB3EE /* PBXContainerItemProxy */ = {
			isa = PBXContainerItemProxy;
			containerPortal = BE8A5F582F6651DC002FB3EE /* Project object */;
			proxyType = 1;
			remoteGlobalIDString = BE8A5F5F2F6651DC002FB3EE;
			remoteInfo = CompoApp;
		};
/* End PBXContainerItemProxy section */

/* Begin PBXFileReference section */
		09B5C0FD57E2D247F5061DEB /* Pods-CompoAppTests.debug.xcconfig */ = {isa = PBXFileReference; includeInIndex = 1; lastKnownFileType = text.xcconfig; name = "Pods-CompoAppTests.debug.xcconfig"; path = "Target Support Files/Pods-CompoAppTests/Pods-CompoAppTests.debug.xcconfig"; sourceTree = "<group>"; };
		251AD6596564F6F3CC426331 /* Pods-CompoAppTests.release.xcconfig */ = {isa = PBXFileReference; includeInIndex = 1; lastKnownFileType = text.xcconfig; name = "Pods-CompoAppTests.release.xcconfig"; path = "Target Support Files/Pods-CompoAppTests/Pods-CompoAppTests.release.xcconfig"; sourceTree = "<group>"; };
		30780D27F8EDDCAB914CFD77 /* Pods_CompoAppTests.framework */ = {isa = PBXFileReference; explicitFileType = wrapper.framework; includeInIndex = 0; path = Pods_CompoAppTests.framework; sourceTree = BUILT_PRODUCTS_DIR; };
		401BECE3E4704ECC0B6F7B0D /* Pods-CompoApp.debug.xcconfig */ = {isa = PBXFileReference; includeInIndex = 1; lastKnownFileType = text.xcconfig; name = "Pods-CompoApp.debug.xcconfig"; path = "Target Support Files/Pods-CompoApp/Pods-CompoApp.debug.xcconfig"; sourceTree = "<group>"; };
		69D9AB6EFD5F43D4E22BC1DA /* Pods_CompoApp.framework */ = {isa = PBXFileReference; explicitFileType = wrapper.framework; includeInIndex = 0; path = Pods_CompoApp.framework; sourceTree = BUILT_PRODUCTS_DIR; };
		74A10D13C0BBC797D26B3E24 /* Pods-CompoApp-CompoAppUITests.release.xcconfig */ = {isa = PBXFileReference; includeInIndex = 1; lastKnownFileType = text.xcconfig; name = "Pods-CompoApp-CompoAppUITests.release.xcconfig"; path = "Target Support Files/Pods-CompoApp-CompoAppUITests/Pods-CompoApp-CompoAppUITests.release.xcconfig"; sourceTree = "<group>"; };
		97314B6554E52541EB84EE53 /* Pods_CompoApp_CompoAppUITests.framework */ = {isa = PBXFileReference; explicitFileType = wrapper.framework; includeInIndex = 0; path = Pods_CompoApp_CompoAppUITests.framework; sourceTree = BUILT_PRODUCTS_DIR; };
		A0808D4D6CB100D2DD57B2A1 /* Pods-CompoApp-CompoAppUITests.debug.xcconfig */ = {isa = PBXFileReference; includeInIndex = 1; lastKnownFileType = text.xcconfig; name = "Pods-CompoApp-CompoAppUITests.debug.xcconfig"; path = "Target Support Files/Pods-CompoApp-CompoAppUITests/Pods-CompoApp-CompoAppUITests.debug.xcconfig"; sourceTree = "<group>"; };
		BE76F36B2F77BCDD005EF84F /* AppRouter.swift */ = {isa = PBXFileReference; lastKnownFileType = sourcecode.swift; path = AppRouter.swift; sourceTree = "<group>"; };
		BE76F36C2F77BCDD005EF84F /* URLRoutingExample.swift */ = {isa = PBXFileReference; lastKnownFileType = sourcecode.swift; path = URLRoutingExample.swift; sourceTree = "<group>"; };
		BE76F36E2F77BCDD005EF84F /* Extensions.swift */ = {isa = PBXFileReference; lastKnownFileType = sourcecode.swift; path = Extensions.swift; sourceTree = "<group>"; };
		BE76F36F2F77BCDD005EF84F /* Protocols.swift */ = {isa = PBXFileReference; lastKnownFileType = sourcecode.swift; path = Protocols.swift; sourceTree = "<group>"; };
		BE76F3702F77BCDD005EF84F /* Router.swift */ = {isa = PBXFileReference; lastKnownFileType = sourcecode.swift; path = Router.swift; sourceTree = "<group>"; };
		BE76F3712F77BCDD005EF84F /* SimpleRouter.swift */ = {isa = PBXFileReference; lastKnownFileType = sourcecode.swift; path = SimpleRouter.swift; sourceTree = "<group>"; };
		BE76F3722F77BCDD005EF84F /* URLNavigationHelper.swift */ = {isa = PBXFileReference; lastKnownFileType = sourcecode.swift; path = URLNavigationHelper.swift; sourceTree = "<group>"; };
		BE76F3752F77BCDD005EF84F /* AppRouterTests.swift */ = {isa = PBXFileReference; lastKnownFileType = sourcecode.swift; path = AppRouterTests.swift; sourceTree = "<group>"; };
		BE76F3762F77BCDD005EF84F /* SimpleRouterTests.swift */ = {isa = PBXFileReference; lastKnownFileType = sourcecode.swift; path = SimpleRouterTests.swift; sourceTree = "<group>"; };
		BE76F3792F77BCDD005EF84F /* .gitignore */ = {isa = PBXFileReference; lastKnownFileType = text; path = .gitignore; sourceTree = "<group>"; };
		BE76F37A2F77BCDD005EF84F /* CLAUDE.md */ = {isa = PBXFileReference; lastKnownFileType = net.daringfireball.markdown; path = CLAUDE.md; sourceTree = "<group>"; };
		BE76F37B2F77BCDD005EF84F /* LICENSE */ = {isa = PBXFileReference; lastKnownFileType = text; path = LICENSE; sourceTree = "<group>"; };
		BE76F37C2F77BCDD005EF84F /* Package.swift */ = {isa = PBXFileReference; lastKnownFileType = sourcecode.swift; path = Package.swift; sourceTree = "<group>"; };
		BE76F37D2F77BCDD005EF84F /* README.md */ = {isa = PBXFileReference; lastKnownFileType = net.daringfireball.markdown; path = README.md; sourceTree = "<group>"; };
		BE8A5F602F6651DC002FB3EE /* CompoApp.app */ = {isa = PBXFileReference; explicitFileType = wrapper.application; includeInIndex = 0; path = CompoApp.app; sourceTree = BUILT_PRODUCTS_DIR; };
		BE8A5F6D2F6651DD002FB3EE /* CompoAppTests.xctest */ = {isa = PBXFileReference; explicitFileType = wrapper.cfbundle; includeInIndex = 0; path = CompoAppTests.xctest; sourceTree = BUILT_PRODUCTS_DIR; };
		BE8A5F772F6651DD002FB3EE /* CompoAppUITests.xctest */ = {isa = PBXFileReference; explicitFileType = wrapper.cfbundle; includeInIndex = 0; path = CompoAppUITests.xctest; sourceTree = BUILT_PRODUCTS_DIR; };
		BEA398822F68CD990069B1C8 /* DouyinSans.ttf */ = {isa = PBXFileReference; lastKnownFileType = file; path = DouyinSans.ttf; sourceTree = "<group>"; };
		E983EFA72ADFA5FA18FA3E5A /* Pods-CompoApp.release.xcconfig */ = {isa = PBXFileReference; includeInIndex = 1; lastKnownFileType = text.xcconfig; name = "Pods-CompoApp.release.xcconfig"; path = "Target Support Files/Pods-CompoApp/Pods-CompoApp.release.xcconfig"; sourceTree = "<group>"; };
/* End PBXFileReference section */

/* Begin PBXFileSystemSynchronizedBuildFileExceptionSet section */
		BEA398802F68CA790069B1C8 /* Exceptions for "CompoApp" folder in "CompoApp" target */ = {
			isa = PBXFileSystemSynchronizedBuildFileExceptionSet;
			membershipExceptions = (
				Info.plist,
			);
			target = BE8A5F5F2F6651DC002FB3EE /* CompoApp */;
		};
/* End PBXFileSystemSynchronizedBuildFileExceptionSet section */

/* Begin PBXFileSystemSynchronizedRootGroup section */
		BE8A5F622F6651DC002FB3EE /* CompoApp */ = {
			isa = PBXFileSystemSynchronizedRootGroup;
			exceptions = (
				BEA398802F68CA790069B1C8 /* Exceptions for "CompoApp" folder in "CompoApp" target */,
			);
			path = CompoApp;
			sourceTree = "<group>";
		};
		BE8A5F702F6651DD002FB3EE /* CompoAppTests */ = {
			isa = PBXFileSystemSynchronizedRootGroup;
			path = CompoAppTests;
			sourceTree = "<group>";
		};
		BE8A5F7A2F6651DD002FB3EE /* CompoAppUITests */ = {
			isa = PBXFileSystemSynchronizedRootGroup;
			path = CompoAppUITests;
			sourceTree = "<group>";
		};
/* End PBXFileSystemSynchronizedRootGroup section */

/* Begin PBXFrameworksBuildPhase section */
		BE8A5F5D2F6651DC002FB3EE /* Frameworks */ = {
			isa = PBXFrameworksBuildPhase;
			buildActionMask = 2147483647;
			files = (
				BA37514C99C52C846A88289E /* Pods_CompoApp.framework in Frameworks */,
				BED3F95F2F66525D0001DFD9 /* AppRouter in Frameworks */,
				BE8B94272F6847B900D8BFA5 /* AdapterSwift in Frameworks */,
			);
			runOnlyForDeploymentPostprocessing = 0;
		};
		BE8A5F6A2F6651DD002FB3EE /* Frameworks */ = {
			isa = PBXFrameworksBuildPhase;
			buildActionMask = 2147483647;
			files = (
				AF076F069DEC319469769714 /* Pods_CompoAppTests.framework in Frameworks */,
			);
			runOnlyForDeploymentPostprocessing = 0;
		};
		BE8A5F742F6651DD002FB3EE /* Frameworks */ = {
			isa = PBXFrameworksBuildPhase;
			buildActionMask = 2147483647;
			files = (
				0203DE94FA0F7F9780450E6A /* Pods_CompoApp_CompoAppUITests.framework in Frameworks */,
			);
			runOnlyForDeploymentPostprocessing = 0;
		};
/* End PBXFrameworksBuildPhase section */

/* Begin PBXGroup section */
		850446DD4134AA5590D03D0B /* Pods */ = {
			isa = PBXGroup;
			children = (
				401BECE3E4704ECC0B6F7B0D /* Pods-CompoApp.debug.xcconfig */,
				E983EFA72ADFA5FA18FA3E5A /* Pods-CompoApp.release.xcconfig */,
				A0808D4D6CB100D2DD57B2A1 /* Pods-CompoApp-CompoAppUITests.debug.xcconfig */,
				74A10D13C0BBC797D26B3E24 /* Pods-CompoApp-CompoAppUITests.release.xcconfig */,
				09B5C0FD57E2D247F5061DEB /* Pods-CompoAppTests.debug.xcconfig */,
				251AD6596564F6F3CC426331 /* Pods-CompoAppTests.release.xcconfig */,
			);
			path = Pods;
			sourceTree = "<group>";
		};
		BE76F36D2F77BCDD005EF84F /* Examples */ = {
			isa = PBXGroup;
			children = (
				BE76F36B2F77BCDD005EF84F /* AppRouter.swift */,
				BE76F36C2F77BCDD005EF84F /* URLRoutingExample.swift */,
			);
			path = Examples;
			sourceTree = "<group>";
		};
		BE76F3732F77BCDD005EF84F /* AppRouter */ = {
			isa = PBXGroup;
			children = (
				BE76F36E2F77BCDD005EF84F /* Extensions.swift */,
				BE76F36F2F77BCDD005EF84F /* Protocols.swift */,
				BE76F3702F77BCDD005EF84F /* Router.swift */,
				BE76F3712F77BCDD005EF84F /* SimpleRouter.swift */,
				BE76F3722F77BCDD005EF84F /* URLNavigationHelper.swift */,
			);
			path = AppRouter;
			sourceTree = "<group>";
		};
		BE76F3742F77BCDD005EF84F /* Sources */ = {
			isa = PBXGroup;
			children = (
				BE76F3732F77BCDD005EF84F /* AppRouter */,
			);
			path = Sources;
			sourceTree = "<group>";
		};
		BE76F3772F77BCDD005EF84F /* AppRouterTests */ = {
			isa = PBXGroup;
			children = (
				BE76F3752F77BCDD005EF84F /* AppRouterTests.swift */,
				BE76F3762F77BCDD005EF84F /* SimpleRouterTests.swift */,
			);
			path = AppRouterTests;
			sourceTree = "<group>";
		};
		BE76F3782F77BCDD005EF84F /* Tests */ = {
			isa = PBXGroup;
			children = (
				BE76F3772F77BCDD005EF84F /* AppRouterTests */,
			);
			path = Tests;
			sourceTree = "<group>";
		};
		BE76F37E2F77BCDD005EF84F /* AppRouter */ = {
			isa = PBXGroup;
			children = (
				BE76F36D2F77BCDD005EF84F /* Examples */,
				BE76F3742F77BCDD005EF84F /* Sources */,
				BE76F3782F77BCDD005EF84F /* Tests */,
				BE76F3792F77BCDD005EF84F /* .gitignore */,
				BE76F37A2F77BCDD005EF84F /* CLAUDE.md */,
				BE76F37B2F77BCDD005EF84F /* LICENSE */,
				BE76F37C2F77BCDD005EF84F /* Package.swift */,
				BE76F37D2F77BCDD005EF84F /* README.md */,
			);
			path = AppRouter;
			sourceTree = "<group>";
		};
		BE8A5F572F6651DC002FB3EE = {
			isa = PBXGroup;
			children = (
				BE8A5F622F6651DC002FB3EE /* CompoApp */,
				BEA398812F68CD650069B1C8 /* Font */,
				BE8A5F702F6651DD002FB3EE /* CompoAppTests */,
				BE8A5F7A2F6651DD002FB3EE /* CompoAppUITests */,
				BE8A5F612F6651DC002FB3EE /* Products */,
				850446DD4134AA5590D03D0B /* Pods */,
				FC4EA9AE87BC90E1ED15C92D /* Frameworks */,
				BE76F37E2F77BCDD005EF84F /* AppRouter */,
			);
			sourceTree = "<group>";
		};
		BE8A5F612F6651DC002FB3EE /* Products */ = {
			isa = PBXGroup;
			children = (
				BE8A5F602F6651DC002FB3EE /* CompoApp.app */,
				BE8A5F6D2F6651DD002FB3EE /* CompoAppTests.xctest */,
				BE8A5F772F6651DD002FB3EE /* CompoAppUITests.xctest */,
			);
			name = Products;
			sourceTree = "<group>";
		};
		BEA398812F68CD650069B1C8 /* Font */ = {
			isa = PBXGroup;
			children = (
				BEA398822F68CD990069B1C8 /* DouyinSans.ttf */,
			);
			path = Font;
			sourceTree = "<group>";
		};
		FC4EA9AE87BC90E1ED15C92D /* Frameworks */ = {
			isa = PBXGroup;
			children = (
				69D9AB6EFD5F43D4E22BC1DA /* Pods_CompoApp.framework */,
				97314B6554E52541EB84EE53 /* Pods_CompoApp_CompoAppUITests.framework */,
				30780D27F8EDDCAB914CFD77 /* Pods_CompoAppTests.framework */,
			);
			name = Frameworks;
			sourceTree = "<group>";
		};
/* End PBXGroup section */

/* Begin PBXNativeTarget section */
		BE8A5F5F2F6651DC002FB3EE /* CompoApp */ = {
			isa = PBXNativeTarget;
			buildConfigurationList = BE8A5F812F6651DD002FB3EE /* Build configuration list for PBXNativeTarget "CompoApp" */;
			buildPhases = (
				5DA7EC54245F5D156D58BE63 /* [CP] Check Pods Manifest.lock */,
				BE8A5F5C2F6651DC002FB3EE /* Sources */,
				BE8A5F5D2F6651DC002FB3EE /* Frameworks */,
				BE8A5F5E2F6651DC002FB3EE /* Resources */,
				57CBD86D24E19C83C69C4294 /* [CP] Embed Pods Frameworks */,
			);
			buildRules = (
			);
			dependencies = (
			);
			fileSystemSynchronizedGroups = (
				BE8A5F622F6651DC002FB3EE /* CompoApp */,
			);
			name = CompoApp;
			productName = CompoApp;
			productReference = BE8A5F602F6651DC002FB3EE /* CompoApp.app */;
			productType = "com.apple.product-type.application";
		};
		BE8A5F6C2F6651DD002FB3EE /* CompoAppTests */ = {
			isa = PBXNativeTarget;
			buildConfigurationList = BE8A5F842F6651DD002FB3EE /* Build configuration list for PBXNativeTarget "CompoAppTests" */;
			buildPhases = (
				B8FF3E414DCBBFEC852C7222 /* [CP] Check Pods Manifest.lock */,
				BE8A5F692F6651DD002FB3EE /* Sources */,
				BE8A5F6A2F6651DD002FB3EE /* Frameworks */,
				BE8A5F6B2F6651DD002FB3EE /* Resources */,
			);
			buildRules = (
			);
			dependencies = (
				BE8A5F6F2F6651DD002FB3EE /* PBXTargetDependency */,
			);
			fileSystemSynchronizedGroups = (
				BE8A5F702F6651DD002FB3EE /* CompoAppTests */,
			);
			name = CompoAppTests;
			productName = CompoAppTests;
			productReference = BE8A5F6D2F6651DD002FB3EE /* CompoAppTests.xctest */;
			productType = "com.apple.product-type.bundle.unit-test";
		};
		BE8A5F762F6651DD002FB3EE /* CompoAppUITests */ = {
			isa = PBXNativeTarget;
			buildConfigurationList = BE8A5F872F6651DD002FB3EE /* Build configuration list for PBXNativeTarget "CompoAppUITests" */;
			buildPhases = (
				CD086FDE6E6ED6E500490208 /* [CP] Check Pods Manifest.lock */,
				BE8A5F732F6651DD002FB3EE /* Sources */,
				BE8A5F742F6651DD002FB3EE /* Frameworks */,
				BE8A5F752F6651DD002FB3EE /* Resources */,
				7B281EC8A3825981EDB386C1 /* [CP] Embed Pods Frameworks */,
			);
			buildRules = (
			);
			dependencies = (
				BE8A5F792F6651DD002FB3EE /* PBXTargetDependency */,
			);
			fileSystemSynchronizedGroups = (
				BE8A5F7A2F6651DD002FB3EE /* CompoAppUITests */,
			);
			name = CompoAppUITests;
			productName = CompoAppUITests;
			productReference = BE8A5F772F6651DD002FB3EE /* CompoAppUITests.xctest */;
			productType = "com.apple.product-type.bundle.ui-testing";
		};
/* End PBXNativeTarget section */

/* Begin PBXProject section */
		BE8A5F582F6651DC002FB3EE /* Project object */ = {
			isa = PBXProject;
			attributes = {
				BuildIndependentTargetsInParallel = 1;
				LastSwiftUpdateCheck = 2620;
				LastUpgradeCheck = 2620;
				TargetAttributes = {
					BE8A5F5F2F6651DC002FB3EE = {
						CreatedOnToolsVersion = 26.2;
					};
					BE8A5F6C2F6651DD002FB3EE = {
						CreatedOnToolsVersion = 26.2;
						TestTargetID = BE8A5F5F2F6651DC002FB3EE;
					};
					BE8A5F762F6651DD002FB3EE = {
						CreatedOnToolsVersion = 26.2;
						TestTargetID = BE8A5F5F2F6651DC002FB3EE;
					};
				};
			};
			buildConfigurationList = BE8A5F5B2F6651DC002FB3EE /* Build configuration list for PBXProject "CompoApp" */;
			developmentRegion = en;
			hasScannedForEncodings = 0;
			knownRegions = (
				en,
				Base,
			);
			mainGroup = BE8A5F572F6651DC002FB3EE;
			minimizedProjectReferenceProxies = 1;
			packageReferences = (
				BE8B94252F6847B900D8BFA5 /* XCRemoteSwiftPackageReference "AdapterSwift" */,
				BE76F37F2F77BD54005EF84F /* XCLocalSwiftPackageReference "AppRouter" */,
			);
			preferredProjectObjectVersion = 77;
			productRefGroup = BE8A5F612F6651DC002FB3EE /* Products */;
			projectDirPath = "";
			projectRoot = "";
			targets = (
				BE8A5F5F2F6651DC002FB3EE /* CompoApp */,
				BE8A5F6C2F6651DD002FB3EE /* CompoAppTests */,
				BE8A5F762F6651DD002FB3EE /* CompoAppUITests */,
			);
		};
/* End PBXProject section */

/* Begin PBXResourcesBuildPhase section */
		BE8A5F5E2F6651DC002FB3EE /* Resources */ = {
			isa = PBXResourcesBuildPhase;
			buildActionMask = 2147483647;
			files = (
				BEA398832F68CFF00069B1C8 /* DouyinSans.ttf in Resources */,
			);
			runOnlyForDeploymentPostprocessing = 0;
		};
		BE8A5F6B2F6651DD002FB3EE /* Resources */ = {
			isa = PBXResourcesBuildPhase;
			buildActionMask = 2147483647;
			files = (
			);
			runOnlyForDeploymentPostprocessing = 0;
		};
		BE8A5F752F6651DD002FB3EE /* Resources */ = {
			isa = PBXResourcesBuildPhase;
			buildActionMask = 2147483647;
			files = (
			);
			runOnlyForDeploymentPostprocessing = 0;
		};
/* End PBXResourcesBuildPhase section */

/* Begin PBXShellScriptBuildPhase section */
		57CBD86D24E19C83C69C4294 /* [CP] Embed Pods Frameworks */ = {
			isa = PBXShellScriptBuildPhase;
			buildActionMask = 2147483647;
			files = (
			);
			inputFileListPaths = (
				"${PODS_ROOT}/Target Support Files/Pods-CompoApp/Pods-CompoApp-frameworks-${CONFIGURATION}-input-files.xcfilelist",
			);
			inputPaths = (
			);
			name = "[CP] Embed Pods Frameworks";
			outputFileListPaths = (
				"${PODS_ROOT}/Target Support Files/Pods-CompoApp/Pods-CompoApp-frameworks-${CONFIGURATION}-output-files.xcfilelist",
			);
			outputPaths = (
			);
			runOnlyForDeploymentPostprocessing = 0;
			shellPath = /bin/sh;
			shellScript = "\"${PODS_ROOT}/Target Support Files/Pods-CompoApp/Pods-CompoApp-frameworks.sh\"\n";
			showEnvVarsInLog = 0;
		};
		5DA7EC54245F5D156D58BE63 /* [CP] Check Pods Manifest.lock */ = {
			isa = PBXShellScriptBuildPhase;
			buildActionMask = 2147483647;
			files = (
			);
			inputFileListPaths = (
			);
			inputPaths = (
				"${PODS_PODFILE_DIR_PATH}/Podfile.lock",
				"${PODS_ROOT}/Manifest.lock",
			);
			name = "[CP] Check Pods Manifest.lock";
			outputFileListPaths = (
			);
			outputPaths = (
				"$(DERIVED_FILE_DIR)/Pods-CompoApp-checkManifestLockResult.txt",
			);
			runOnlyForDeploymentPostprocessing = 0;
			shellPath = /bin/sh;
			shellScript = "diff \"${PODS_PODFILE_DIR_PATH}/Podfile.lock\" \"${PODS_ROOT}/Manifest.lock\" > /dev/null\nif [ $? != 0 ] ; then\n    # print error to STDERR\n    echo \"error: The sandbox is not in sync with the Podfile.lock. Run 'pod install' or update your CocoaPods installation.\" >&2\n    exit 1\nfi\n# This output is used by Xcode 'outputs' to avoid re-running this script phase.\necho \"SUCCESS\" > \"${SCRIPT_OUTPUT_FILE_0}\"\n";
			showEnvVarsInLog = 0;
		};
		7B281EC8A3825981EDB386C1 /* [CP] Embed Pods Frameworks */ = {
			isa = PBXShellScriptBuildPhase;
			buildActionMask = 2147483647;
			files = (
			);
			inputFileListPaths = (
				"${PODS_ROOT}/Target Support Files/Pods-CompoApp-CompoAppUITests/Pods-CompoApp-CompoAppUITests-frameworks-${CONFIGURATION}-input-files.xcfilelist",
			);
			inputPaths = (
			);
			name = "[CP] Embed Pods Frameworks";
			outputFileListPaths = (
				"${PODS_ROOT}/Target Support Files/Pods-CompoApp-CompoAppUITests/Pods-CompoApp-CompoAppUITests-frameworks-${CONFIGURATION}-output-files.xcfilelist",
			);
			outputPaths = (
			);
			runOnlyForDeploymentPostprocessing = 0;
			shellPath = /bin/sh;
			shellScript = "\"${PODS_ROOT}/Target Support Files/Pods-CompoApp-CompoAppUITests/Pods-CompoApp-CompoAppUITests-frameworks.sh\"\n";
			showEnvVarsInLog = 0;
		};
		B8FF3E414DCBBFEC852C7222 /* [CP] Check Pods Manifest.lock */ = {
			isa = PBXShellScriptBuildPhase;
			buildActionMask = 2147483647;
			files = (
			);
			inputFileListPaths = (
			);
			inputPaths = (
				"${PODS_PODFILE_DIR_PATH}/Podfile.lock",
				"${PODS_ROOT}/Manifest.lock",
			);
			name = "[CP] Check Pods Manifest.lock";
			outputFileListPaths = (
			);
			outputPaths = (
				"$(DERIVED_FILE_DIR)/Pods-CompoAppTests-checkManifestLockResult.txt",
			);
			runOnlyForDeploymentPostprocessing = 0;
			shellPath = /bin/sh;
			shellScript = "diff \"${PODS_PODFILE_DIR_PATH}/Podfile.lock\" \"${PODS_ROOT}/Manifest.lock\" > /dev/null\nif [ $? != 0 ] ; then\n    # print error to STDERR\n    echo \"error: The sandbox is not in sync with the Podfile.lock. Run 'pod install' or update your CocoaPods installation.\" >&2\n    exit 1\nfi\n# This output is used by Xcode 'outputs' to avoid re-running this script phase.\necho \"SUCCESS\" > \"${SCRIPT_OUTPUT_FILE_0}\"\n";
			showEnvVarsInLog = 0;
		};
		CD086FDE6E6ED6E500490208 /* [CP] Check Pods Manifest.lock */ = {
			isa = PBXShellScriptBuildPhase;
			buildActionMask = 2147483647;
			files = (
			);
			inputFileListPaths = (
			);
			inputPaths = (
				"${PODS_PODFILE_DIR_PATH}/Podfile.lock",
				"${PODS_ROOT}/Manifest.lock",
			);
			name = "[CP] Check Pods Manifest.lock";
			outputFileListPaths = (
			);
			outputPaths = (
				"$(DERIVED_FILE_DIR)/Pods-CompoApp-CompoAppUITests-checkManifestLockResult.txt",
			);
			runOnlyForDeploymentPostprocessing = 0;
			shellPath = /bin/sh;
			shellScript = "diff \"${PODS_PODFILE_DIR_PATH}/Podfile.lock\" \"${PODS_ROOT}/Manifest.lock\" > /dev/null\nif [ $? != 0 ] ; then\n    # print error to STDERR\n    echo \"error: The sandbox is not in sync with the Podfile.lock. Run 'pod install' or update your CocoaPods installation.\" >&2\n    exit 1\nfi\n# This output is used by Xcode 'outputs' to avoid re-running this script phase.\necho \"SUCCESS\" > \"${SCRIPT_OUTPUT_FILE_0}\"\n";
			showEnvVarsInLog = 0;
		};
/* End PBXShellScriptBuildPhase section */

/* Begin PBXSourcesBuildPhase section */
		BE8A5F5C2F6651DC002FB3EE /* Sources */ = {
			isa = PBXSourcesBuildPhase;
			buildActionMask = 2147483647;
			files = (
			);
			runOnlyForDeploymentPostprocessing = 0;
		};
		BE8A5F692F6651DD002FB3EE /* Sources */ = {
			isa = PBXSourcesBuildPhase;
			buildActionMask = 2147483647;
			files = (
			);
			runOnlyForDeploymentPostprocessing = 0;
		};
		BE8A5F732F6651DD002FB3EE /* Sources */ = {
			isa = PBXSourcesBuildPhase;
			buildActionMask = 2147483647;
			files = (
			);
			runOnlyForDeploymentPostprocessing = 0;
		};
/* End PBXSourcesBuildPhase section */

/* Begin PBXTargetDependency section */
		BE8A5F6F2F6651DD002FB3EE /* PBXTargetDependency */ = {
			isa = PBXTargetDependency;
			target = BE8A5F5F2F6651DC002FB3EE /* CompoApp */;
			targetProxy = BE8A5F6E2F6651DD002FB3EE /* PBXContainerItemProxy */;
		};
		BE8A5F792F6651DD002FB3EE /* PBXTargetDependency */ = {
			isa = PBXTargetDependency;
			target = BE8A5F5F2F6651DC002FB3EE /* CompoApp */;
			targetProxy = BE8A5F782F6651DD002FB3EE /* PBXContainerItemProxy */;
		};
/* End PBXTargetDependency section */

/* Begin XCBuildConfiguration section */
		BE8A5F7F2F6651DD002FB3EE /* Debug */ = {
			isa = XCBuildConfiguration;
			buildSettings = {
				ALWAYS_SEARCH_USER_PATHS = NO;
				ASSETCATALOG_COMPILER_GENERATE_SWIFT_ASSET_SYMBOL_EXTENSIONS = YES;
				CLANG_ANALYZER_NONNULL = YES;
				CLANG_ANALYZER_NUMBER_OBJECT_CONVERSION = YES_AGGRESSIVE;
				CLANG_CXX_LANGUAGE_STANDARD = "gnu++20";
				CLANG_ENABLE_MODULES = YES;
				CLANG_ENABLE_OBJC_ARC = YES;
				CLANG_ENABLE_OBJC_WEAK = YES;
				CLANG_WARN_BLOCK_CAPTURE_AUTORELEASING = YES;
				CLANG_WARN_BOOL_CONVERSION = YES;
				CLANG_WARN_COMMA = YES;
				CLANG_WARN_CONSTANT_CONVERSION = YES;
				CLANG_WARN_DEPRECATED_OBJC_IMPLEMENTATIONS = YES;
				CLANG_WARN_DIRECT_OBJC_ISA_USAGE = YES_ERROR;
				CLANG_WARN_DOCUMENTATION_COMMENTS = YES;
				CLANG_WARN_EMPTY_BODY = YES;
				CLANG_WARN_ENUM_CONVERSION = YES;
				CLANG_WARN_INFINITE_RECURSION = YES;
				CLANG_WARN_INT_CONVERSION = YES;
				CLANG_WARN_NON_LITERAL_NULL_CONVERSION = YES;
				CLANG_WARN_OBJC_IMPLICIT_RETAIN_SELF = YES;
				CLANG_WARN_OBJC_LITERAL_CONVERSION = YES;
				CLANG_WARN_OBJC_ROOT_CLASS = YES_ERROR;
				CLANG_WARN_QUOTED_INCLUDE_IN_FRAMEWORK_HEADER = YES;
				CLANG_WARN_RANGE_LOOP_ANALYSIS = YES;
				CLANG_WARN_STRICT_PROTOTYPES = YES;
				CLANG_WARN_SUSPICIOUS_MOVE = YES;
				CLANG_WARN_UNGUARDED_AVAILABILITY = YES_AGGRESSIVE;
				CLANG_WARN_UNREACHABLE_CODE = YES;
				CLANG_WARN__DUPLICATE_METHOD_MATCH = YES;
				COPY_PHASE_STRIP = NO;
				DEBUG_INFORMATION_FORMAT = dwarf;
				DEVELOPMENT_TEAM = NBU5GFWU5V;
				ENABLE_STRICT_OBJC_MSGSEND = YES;
				ENABLE_TESTABILITY = YES;
				ENABLE_USER_SCRIPT_SANDBOXING = YES;
				GCC_C_LANGUAGE_STANDARD = gnu17;
				GCC_DYNAMIC_NO_PIC = NO;
				GCC_NO_COMMON_BLOCKS = YES;
				GCC_OPTIMIZATION_LEVEL = 0;
				GCC_PREPROCESSOR_DEFINITIONS = (
					"DEBUG=1",
					"$(inherited)",
				);
				GCC_WARN_64_TO_32_BIT_CONVERSION = YES;
				GCC_WARN_ABOUT_RETURN_TYPE = YES_ERROR;
				GCC_WARN_UNDECLARED_SELECTOR = YES;
				GCC_WARN_UNINITIALIZED_AUTOS = YES_AGGRESSIVE;
				GCC_WARN_UNUSED_FUNCTION = YES;
				GCC_WARN_UNUSED_VARIABLE = YES;
				IPHONEOS_DEPLOYMENT_TARGET = 26.2;
				LOCALIZATION_PREFERS_STRING_CATALOGS = YES;
				MTL_ENABLE_DEBUG_INFO = INCLUDE_SOURCE;
				MTL_FAST_MATH = YES;
				ONLY_ACTIVE_ARCH = YES;
				SDKROOT = iphoneos;
				SWIFT_ACTIVE_COMPILATION_CONDITIONS = "DEBUG $(inherited)";
				SWIFT_OPTIMIZATION_LEVEL = "-Onone";
			};
			name = Debug;
		};
		BE8A5F802F6651DD002FB3EE /* Release */ = {
			isa = XCBuildConfiguration;
			buildSettings = {
				ALWAYS_SEARCH_USER_PATHS = NO;
				ASSETCATALOG_COMPILER_GENERATE_SWIFT_ASSET_SYMBOL_EXTENSIONS = YES;
				CLANG_ANALYZER_NONNULL = YES;
				CLANG_ANALYZER_NUMBER_OBJECT_CONVERSION = YES_AGGRESSIVE;
				CLANG_CXX_LANGUAGE_STANDARD = "gnu++20";
				CLANG_ENABLE_MODULES = YES;
				CLANG_ENABLE_OBJC_ARC = YES;
				CLANG_ENABLE_OBJC_WEAK = YES;
				CLANG_WARN_BLOCK_CAPTURE_AUTORELEASING = YES;
				CLANG_WARN_BOOL_CONVERSION = YES;
				CLANG_WARN_COMMA = YES;
				CLANG_WARN_CONSTANT_CONVERSION = YES;
				CLANG_WARN_DEPRECATED_OBJC_IMPLEMENTATIONS = YES;
				CLANG_WARN_DIRECT_OBJC_ISA_USAGE = YES_ERROR;
				CLANG_WARN_DOCUMENTATION_COMMENTS = YES;
				CLANG_WARN_EMPTY_BODY = YES;
				CLANG_WARN_ENUM_CONVERSION = YES;
				CLANG_WARN_INFINITE_RECURSION = YES;
				CLANG_WARN_INT_CONVERSION = YES;
				CLANG_WARN_NON_LITERAL_NULL_CONVERSION = YES;
				CLANG_WARN_OBJC_IMPLICIT_RETAIN_SELF = YES;
				CLANG_WARN_OBJC_LITERAL_CONVERSION = YES;
				CLANG_WARN_OBJC_ROOT_CLASS = YES_ERROR;
				CLANG_WARN_QUOTED_INCLUDE_IN_FRAMEWORK_HEADER = YES;
				CLANG_WARN_RANGE_LOOP_ANALYSIS = YES;
				CLANG_WARN_STRICT_PROTOTYPES = YES;
				CLANG_WARN_SUSPICIOUS_MOVE = YES;
				CLANG_WARN_UNGUARDED_AVAILABILITY = YES_AGGRESSIVE;
				CLANG_WARN_UNREACHABLE_CODE = YES;
				CLANG_WARN__DUPLICATE_METHOD_MATCH = YES;
				COPY_PHASE_STRIP = NO;
				DEBUG_INFORMATION_FORMAT = "dwarf-with-dsym";
				DEVELOPMENT_TEAM = NBU5GFWU5V;
				ENABLE_NS_ASSERTIONS = NO;
				ENABLE_STRICT_OBJC_MSGSEND = YES;
				ENABLE_USER_SCRIPT_SANDBOXING = YES;
				GCC_C_LANGUAGE_STANDARD = gnu17;
				GCC_NO_COMMON_BLOCKS = YES;
				GCC_WARN_64_TO_32_BIT_CONVERSION = YES;
				GCC_WARN_ABOUT_RETURN_TYPE = YES_ERROR;
				GCC_WARN_UNDECLARED_SELECTOR = YES;
				GCC_WARN_UNINITIALIZED_AUTOS = YES_AGGRESSIVE;
				GCC_WARN_UNUSED_FUNCTION = YES;
				GCC_WARN_UNUSED_VARIABLE = YES;
				IPHONEOS_DEPLOYMENT_TARGET = 26.2;
				LOCALIZATION_PREFERS_STRING_CATALOGS = YES;
				MTL_ENABLE_DEBUG_INFO = NO;
				MTL_FAST_MATH = YES;
				SDKROOT = iphoneos;
				SWIFT_COMPILATION_MODE = wholemodule;
				VALIDATE_PRODUCT = YES;
			};
			name = Release;
		};
		BE8A5F822F6651DD002FB3EE /* Debug */ = {
			isa = XCBuildConfiguration;
			baseConfigurationReference = 401BECE3E4704ECC0B6F7B0D /* Pods-CompoApp.debug.xcconfig */;
			buildSettings = {
				ASSETCATALOG_COMPILER_APPICON_NAME = AppIcon;
				ASSETCATALOG_COMPILER_GLOBAL_ACCENT_COLOR_NAME = AccentColor;
				CODE_SIGN_STYLE = Automatic;
				CURRENT_PROJECT_VERSION = 1;
				DEVELOPMENT_TEAM = NBU5GFWU5V;
				ENABLE_PREVIEWS = YES;
				ENABLE_USER_SCRIPT_SANDBOXING = NO;
				GENERATE_INFOPLIST_FILE = YES;
				INFOPLIST_FILE = CompoApp/Info.plist;
				INFOPLIST_KEY_UIApplicationSceneManifest_Generation = YES;
				INFOPLIST_KEY_UIApplicationSupportsIndirectInputEvents = YES;
				INFOPLIST_KEY_UILaunchScreen_Generation = YES;
				INFOPLIST_KEY_UISupportedInterfaceOrientations_iPad = "UIInterfaceOrientationPortrait UIInterfaceOrientationPortraitUpsideDown UIInterfaceOrientationLandscapeLeft UIInterfaceOrientationLandscapeRight";
				INFOPLIST_KEY_UISupportedInterfaceOrientations_iPhone = "UIInterfaceOrientationPortrait UIInterfaceOrientationLandscapeLeft UIInterfaceOrientationLandscapeRight";
				IPHONEOS_DEPLOYMENT_TARGET = 16.1;
				LD_RUNPATH_SEARCH_PATHS = (
					"$(inherited)",
					"@executable_path/Frameworks",
				);
				MARKETING_VERSION = 1.0;
				PRODUCT_BUNDLE_IDENTIFIER = com.leaf.CompoApp;
				PRODUCT_NAME = "$(TARGET_NAME)";
				STRING_CATALOG_GENERATE_SYMBOLS = YES;
				SUPPORTED_PLATFORMS = "iphoneos iphonesimulator";
				SUPPORTS_MACCATALYST = NO;
				SUPPORTS_XR_DESIGNED_FOR_IPHONE_IPAD = NO;
				SWIFT_APPROACHABLE_CONCURRENCY = YES;
				SWIFT_DEFAULT_ACTOR_ISOLATION = MainActor;
				SWIFT_EMIT_LOC_STRINGS = YES;
				SWIFT_UPCOMING_FEATURE_MEMBER_IMPORT_VISIBILITY = YES;
				SWIFT_VERSION = 5.0;
				TARGETED_DEVICE_FAMILY = "1,2";
			};
			name = Debug;
		};
		BE8A5F832F6651DD002FB3EE /* Release */ = {
			isa = XCBuildConfiguration;
			baseConfigurationReference = E983EFA72ADFA5FA18FA3E5A /* Pods-CompoApp.release.xcconfig */;
			buildSettings = {
				ASSETCATALOG_COMPILER_APPICON_NAME = AppIcon;
				ASSETCATALOG_COMPILER_GLOBAL_ACCENT_COLOR_NAME = AccentColor;
				CODE_SIGN_STYLE = Automatic;
				CURRENT_PROJECT_VERSION = 1;
				DEVELOPMENT_TEAM = NBU5GFWU5V;
				ENABLE_PREVIEWS = YES;
				ENABLE_USER_SCRIPT_SANDBOXING = NO;
				GENERATE_INFOPLIST_FILE = YES;
				INFOPLIST_FILE = CompoApp/Info.plist;
				INFOPLIST_KEY_UIApplicationSceneManifest_Generation = YES;
				INFOPLIST_KEY_UIApplicationSupportsIndirectInputEvents = YES;
				INFOPLIST_KEY_UILaunchScreen_Generation = YES;
				INFOPLIST_KEY_UISupportedInterfaceOrientations_iPad = "UIInterfaceOrientationPortrait UIInterfaceOrientationPortraitUpsideDown UIInterfaceOrientationLandscapeLeft UIInterfaceOrientationLandscapeRight";
				INFOPLIST_KEY_UISupportedInterfaceOrientations_iPhone = "UIInterfaceOrientationPortrait UIInterfaceOrientationLandscapeLeft UIInterfaceOrientationLandscapeRight";
				IPHONEOS_DEPLOYMENT_TARGET = 16.1;
				LD_RUNPATH_SEARCH_PATHS = (
					"$(inherited)",
					"@executable_path/Frameworks",
				);
				MARKETING_VERSION = 1.0;
				PRODUCT_BUNDLE_IDENTIFIER = com.leaf.CompoApp;
				PRODUCT_NAME = "$(TARGET_NAME)";
				STRING_CATALOG_GENERATE_SYMBOLS = YES;
				SUPPORTED_PLATFORMS = "iphoneos iphonesimulator";
				SUPPORTS_MACCATALYST = NO;
				SUPPORTS_XR_DESIGNED_FOR_IPHONE_IPAD = NO;
				SWIFT_APPROACHABLE_CONCURRENCY = YES;
				SWIFT_DEFAULT_ACTOR_ISOLATION = MainActor;
				SWIFT_EMIT_LOC_STRINGS = YES;
				SWIFT_UPCOMING_FEATURE_MEMBER_IMPORT_VISIBILITY = YES;
				SWIFT_VERSION = 5.0;
				TARGETED_DEVICE_FAMILY = "1,2";
			};
			name = Release;
		};
		BE8A5F852F6651DD002FB3EE /* Debug */ = {
			isa = XCBuildConfiguration;
			baseConfigurationReference = 09B5C0FD57E2D247F5061DEB /* Pods-CompoAppTests.debug.xcconfig */;
			buildSettings = {
				BUNDLE_LOADER = "$(TEST_HOST)";
				CODE_SIGN_STYLE = Automatic;
				CURRENT_PROJECT_VERSION = 1;
				DEVELOPMENT_TEAM = NBU5GFWU5V;
				GENERATE_INFOPLIST_FILE = YES;
				IPHONEOS_DEPLOYMENT_TARGET = 26.2;
				MARKETING_VERSION = 1.0;
				PRODUCT_BUNDLE_IDENTIFIER = com.leaf.CompoAppTests;
				PRODUCT_NAME = "$(TARGET_NAME)";
				STRING_CATALOG_GENERATE_SYMBOLS = NO;
				SWIFT_APPROACHABLE_CONCURRENCY = YES;
				SWIFT_EMIT_LOC_STRINGS = NO;
				SWIFT_UPCOMING_FEATURE_MEMBER_IMPORT_VISIBILITY = YES;
				SWIFT_VERSION = 5.0;
				TARGETED_DEVICE_FAMILY = "1,2";
				TEST_HOST = "$(BUILT_PRODUCTS_DIR)/CompoApp.app/$(BUNDLE_EXECUTABLE_FOLDER_PATH)/CompoApp";
			};
			name = Debug;
		};
		BE8A5F862F6651DD002FB3EE /* Release */ = {
			isa = XCBuildConfiguration;
			baseConfigurationReference = 251AD6596564F6F3CC426331 /* Pods-CompoAppTests.release.xcconfig */;
			buildSettings = {
				BUNDLE_LOADER = "$(TEST_HOST)";
				CODE_SIGN_STYLE = Automatic;
				CURRENT_PROJECT_VERSION = 1;
				DEVELOPMENT_TEAM = NBU5GFWU5V;
				GENERATE_INFOPLIST_FILE = YES;
				IPHONEOS_DEPLOYMENT_TARGET = 26.2;
				MARKETING_VERSION = 1.0;
				PRODUCT_BUNDLE_IDENTIFIER = com.leaf.CompoAppTests;
				PRODUCT_NAME = "$(TARGET_NAME)";
				STRING_CATALOG_GENERATE_SYMBOLS = NO;
				SWIFT_APPROACHABLE_CONCURRENCY = YES;
				SWIFT_EMIT_LOC_STRINGS = NO;
				SWIFT_UPCOMING_FEATURE_MEMBER_IMPORT_VISIBILITY = YES;
				SWIFT_VERSION = 5.0;
				TARGETED_DEVICE_FAMILY = "1,2";
				TEST_HOST = "$(BUILT_PRODUCTS_DIR)/CompoApp.app/$(BUNDLE_EXECUTABLE_FOLDER_PATH)/CompoApp";
			};
			name = Release;
		};
		BE8A5F882F6651DD002FB3EE /* Debug */ = {
			isa = XCBuildConfiguration;
			baseConfigurationReference = A0808D4D6CB100D2DD57B2A1 /* Pods-CompoApp-CompoAppUITests.debug.xcconfig */;
			buildSettings = {
				CODE_SIGN_STYLE = Automatic;
				CURRENT_PROJECT_VERSION = 1;
				DEVELOPMENT_TEAM = NBU5GFWU5V;
				GENERATE_INFOPLIST_FILE = YES;
				MARKETING_VERSION = 1.0;
				PRODUCT_BUNDLE_IDENTIFIER = com.leaf.CompoAppUITests;
				PRODUCT_NAME = "$(TARGET_NAME)";
				STRING_CATALOG_GENERATE_SYMBOLS = NO;
				SWIFT_APPROACHABLE_CONCURRENCY = YES;
				SWIFT_EMIT_LOC_STRINGS = NO;
				SWIFT_UPCOMING_FEATURE_MEMBER_IMPORT_VISIBILITY = YES;
				SWIFT_VERSION = 5.0;
				TARGETED_DEVICE_FAMILY = "1,2";
				TEST_TARGET_NAME = CompoApp;
			};
			name = Debug;
		};
		BE8A5F892F6651DD002FB3EE /* Release */ = {
			isa = XCBuildConfiguration;
			baseConfigurationReference = 74A10D13C0BBC797D26B3E24 /* Pods-CompoApp-CompoAppUITests.release.xcconfig */;
			buildSettings = {
				CODE_SIGN_STYLE = Automatic;
				CURRENT_PROJECT_VERSION = 1;
				DEVELOPMENT_TEAM = NBU5GFWU5V;
				GENERATE_INFOPLIST_FILE = YES;
				MARKETING_VERSION = 1.0;
				PRODUCT_BUNDLE_IDENTIFIER = com.leaf.CompoAppUITests;
				PRODUCT_NAME = "$(TARGET_NAME)";
				STRING_CATALOG_GENERATE_SYMBOLS = NO;
				SWIFT_APPROACHABLE_CONCURRENCY = YES;
				SWIFT_EMIT_LOC_STRINGS = NO;
				SWIFT_UPCOMING_FEATURE_MEMBER_IMPORT_VISIBILITY = YES;
				SWIFT_VERSION = 5.0;
				TARGETED_DEVICE_FAMILY = "1,2";
				TEST_TARGET_NAME = CompoApp;
			};
			name = Release;
		};
/* End XCBuildConfiguration section */

/* Begin XCConfigurationList section */
		BE8A5F5B2F6651DC002FB3EE /* Build configuration list for PBXProject "CompoApp" */ = {
			isa = XCConfigurationList;
			buildConfigurations = (
				BE8A5F7F2F6651DD002FB3EE /* Debug */,
				BE8A5F802F6651DD002FB3EE /* Release */,
			);
			defaultConfigurationIsVisible = 0;
			defaultConfigurationName = Release;
		};
		BE8A5F812F6651DD002FB3EE /* Build configuration list for PBXNativeTarget "CompoApp" */ = {
			isa = XCConfigurationList;
			buildConfigurations = (
				BE8A5F822F6651DD002FB3EE /* Debug */,
				BE8A5F832F6651DD002FB3EE /* Release */,
			);
			defaultConfigurationIsVisible = 0;
			defaultConfigurationName = Release;
		};
		BE8A5F842F6651DD002FB3EE /* Build configuration list for PBXNativeTarget "CompoAppTests" */ = {
			isa = XCConfigurationList;
			buildConfigurations = (
				BE8A5F852F6651DD002FB3EE /* Debug */,
				BE8A5F862F6651DD002FB3EE /* Release */,
			);
			defaultConfigurationIsVisible = 0;
			defaultConfigurationName = Release;
		};
		BE8A5F872F6651DD002FB3EE /* Build configuration list for PBXNativeTarget "CompoAppUITests" */ = {
			isa = XCConfigurationList;
			buildConfigurations = (
				BE8A5F882F6651DD002FB3EE /* Debug */,
				BE8A5F892F6651DD002FB3EE /* Release */,
			);
			defaultConfigurationIsVisible = 0;
			defaultConfigurationName = Release;
		};
/* End XCConfigurationList section */

/* Begin XCLocalSwiftPackageReference section */
		BE76F37F2F77BD54005EF84F /* XCLocalSwiftPackageReference "AppRouter" */ = {
			isa = XCLocalSwiftPackageReference;
			relativePath = AppRouter;
		};
/* End XCLocalSwiftPackageReference section */

/* Begin XCRemoteSwiftPackageReference section */
		BE8B94252F6847B900D8BFA5 /* XCRemoteSwiftPackageReference "AdapterSwift" */ = {
			isa = XCRemoteSwiftPackageReference;
			repositoryURL = "https://github.com/intsig171/AdapterSwift.git";
			requirement = {
				kind = upToNextMajorVersion;
				minimumVersion = 1.1.2;
			};
		};
		BED3F95D2F66525D0001DFD9 /* XCRemoteSwiftPackageReference "AppRouter" */ = {
			isa = XCRemoteSwiftPackageReference;
			repositoryURL = "https://github.com/dimillian/AppRouter.git";
			requirement = {
				kind = upToNextMajorVersion;
				minimumVersion = 1.0.4;
			};
		};
/* End XCRemoteSwiftPackageReference section */

/* Begin XCSwiftPackageProductDependency section */
		BE8B94262F6847B900D8BFA5 /* AdapterSwift */ = {
			isa = XCSwiftPackageProductDependency;
			package = BE8B94252F6847B900D8BFA5 /* XCRemoteSwiftPackageReference "AdapterSwift" */;
			productName = AdapterSwift;
		};
		BED3F95E2F66525D0001DFD9 /* AppRouter */ = {
			isa = XCSwiftPackageProductDependency;
			package = BED3F95D2F66525D0001DFD9 /* XCRemoteSwiftPackageReference "AppRouter" */;
			productName = AppRouter;
		};
/* End XCSwiftPackageProductDependency section */
	};
	rootObject = BE8A5F582F6651DC002FB3EE /* Project object */;
}
