{
  "originHash" : "8cf115fe435489d06ad45fe057e031b47412e1b78c89c35419aa30fa3399556b",
  "pins" : [
    {
      "identity" : "approuter",
      "kind" : "remoteSourceControl",
      "location" : "https://github.com/dimillian/AppRouter.git",
      "state" : {
        "revision" : "45dc8c4f3320c4a5e08b00a93d832fea036a7545",
        "version" : "1.0.4"
      }
    }
  ],
  "version" : 3
}
